
Microsoft Visual Studio Solution File, Format Version 12.00
# Visual Studio Version 16
VisualStudioVersion = 16.0.30011.22
MinimumVisualStudioVersion = 10.0.40219.1
Project("{FAE04EC0-301F-11D3-BF4B-00C04F79EFBC}") = "EugeneEncoderWF", "EugeneEncoderWF\EugeneEncoderWF.csproj", "{213584C4-0789-4C1A-AB72-72C79FA32732}"
EndProject
Project("{FAE04EC0-301F-11D3-BF4B-00C04F79EFBC}") = "EugeneEncoder.BL", "EugeneEncoder.BL\EugeneEncoder.BL.csproj", "{467AAAD6-E83E-432A-8496-79F1B03B0AA7}"
EndProject
Global
	GlobalSection(SolutionConfigurationPlatforms) = preSolution
		Debug|Any CPU = Debug|Any CPU
		Release|Any CPU = Release|Any CPU
	EndGlobalSection
	GlobalSection(ProjectConfigurationPlatforms) = postSolution
		{213584C4-0789-4C1A-AB72-72C79FA32732}.Debug|Any CPU.ActiveCfg = Debug|Any CPU
		{213584C4-0789-4C1A-AB72-72C79FA32732}.Debug|Any CPU.Build.0 = Debug|Any CPU
		{213584C4-0789-4C1A-AB72-72C79FA32732}.Release|Any CPU.ActiveCfg = Release|Any CPU
		{213584C4-0789-4C1A-AB72-72C79FA32732}.Release|Any CPU.Build.0 = Release|Any CPU
		{467AAAD6-E83E-432A-8496-79F1B03B0AA7}.Debug|Any CPU.ActiveCfg = Debug|Any CPU
		{467AAAD6-E83E-432A-8496-79F1B03B0AA7}.Debug|Any CPU.Build.0 = Debug|Any CPU
		{467AAAD6-E83E-432A-8496-79F1B03B0AA7}.Release|Any CPU.ActiveCfg = Release|Any CPU
		{467AAAD6-E83E-432A-8496-79F1B03B0AA7}.Release|Any CPU.Build.0 = Release|Any CPU
	EndGlobalSection
	GlobalSection(SolutionProperties) = preSolution
		HideSolutionNode = FALSE
	EndGlobalSection
	GlobalSection(ExtensibilityGlobals) = postSolution
		SolutionGuid = {3A41178B-244C-4398-8E6F-20050C3AD0E5}
	EndGlobalSection
EndGlobal
